
Microsoft Visual Studio Solution File, Format Version 12.00
# Visual Studio 15
VisualStudioVersion = 15.0.28307.438
MinimumVisualStudioVersion = 10.0.40219.1
Project("{9A19103F-16F7-4668-BE54-9A1E7A4F7556}") = "CraftCode.Day1", "CraftCode\CraftCode.Day1.csproj", "{FF50F306-AA88-4BC4-9D65-38F88903297B}"
EndProject
Project("{9A19103F-16F7-4668-BE54-9A1E7A4F7556}") = "CraftCode.Day1.Test", "CraftCode.Test\CraftCode.Day1.Test.csproj", "{77B534F3-9EF0-4766-9401-61412122A41E}"
EndProject
Project("{FAE04EC0-301F-11D3-BF4B-00C04F79EFBC}") = "CraftCode.Day2", "CraftCode.Day2\CraftCode.Day2.csproj", "{C9F2C3E5-1D21-49B2-96A1-745DD7D8325C}"
EndProject
Project("{FAE04EC0-301F-11D3-BF4B-00C04F79EFBC}") = "CraftCode.Day2.Test", "CraftCode.Day2.Test\CraftCode.Day2.Test.csproj", "{E8E0AFF4-51B4-435D-B676-1577687FF38A}"
EndProject
Global
	GlobalSection(SolutionConfigurationPlatforms) = preSolution
		Debug|Any CPU = Debug|Any CPU
		Release|Any CPU = Release|Any CPU
	EndGlobalSection
	GlobalSection(ProjectConfigurationPlatforms) = postSolution
		{FF50F306-AA88-4BC4-9D65-38F88903297B}.Debug|Any CPU.ActiveCfg = Debug|Any CPU
		{FF50F306-AA88-4BC4-9D65-38F88903297B}.Debug|Any CPU.Build.0 = Debug|Any CPU
		{FF50F306-AA88-4BC4-9D65-38F88903297B}.Release|Any CPU.ActiveCfg = Release|Any CPU
		{FF50F306-AA88-4BC4-9D65-38F88903297B}.Release|Any CPU.Build.0 = Release|Any CPU
		{77B534F3-9EF0-4766-9401-61412122A41E}.Debug|Any CPU.ActiveCfg = Debug|Any CPU
		{77B534F3-9EF0-4766-9401-61412122A41E}.Debug|Any CPU.Build.0 = Debug|Any CPU
		{77B534F3-9EF0-4766-9401-61412122A41E}.Release|Any CPU.ActiveCfg = Release|Any CPU
		{77B534F3-9EF0-4766-9401-61412122A41E}.Release|Any CPU.Build.0 = Release|Any CPU
		{C9F2C3E5-1D21-49B2-96A1-745DD7D8325C}.Debug|Any CPU.ActiveCfg = Debug|Any CPU
		{C9F2C3E5-1D21-49B2-96A1-745DD7D8325C}.Debug|Any CPU.Build.0 = Debug|Any CPU
		{C9F2C3E5-1D21-49B2-96A1-745DD7D8325C}.Release|Any CPU.ActiveCfg = Release|Any CPU
		{C9F2C3E5-1D21-49B2-96A1-745DD7D8325C}.Release|Any CPU.Build.0 = Release|Any CPU
		{E8E0AFF4-51B4-435D-B676-1577687FF38A}.Debug|Any CPU.ActiveCfg = Debug|Any CPU
		{E8E0AFF4-51B4-435D-B676-1577687FF38A}.Debug|Any CPU.Build.0 = Debug|Any CPU
		{E8E0AFF4-51B4-435D-B676-1577687FF38A}.Release|Any CPU.ActiveCfg = Release|Any CPU
		{E8E0AFF4-51B4-435D-B676-1577687FF38A}.Release|Any CPU.Build.0 = Release|Any CPU
	EndGlobalSection
	GlobalSection(SolutionProperties) = preSolution
		HideSolutionNode = FALSE
	EndGlobalSection
	GlobalSection(ExtensibilityGlobals) = postSolution
		SolutionGuid = {6EB11585-2F4F-4D86-B429-69637048C194}
	EndGlobalSection
EndGlobal
